
Microsoft Visual Studio Solution File, Format Version 12.00
# Visual Studio Version 17
VisualStudioVersion = 17.7.34031.279
MinimumVisualStudioVersion = 10.0.40219.1
Project("{FAE04EC0-301F-11D3-BF4B-00C04F79EFBC}") = "SummerProekt", "SummerProekt\SummerProekt.csproj", "{20AAA0B2-1394-46E0-B817-3CE2AC010D2F}"
EndProject
Global
	GlobalSection(SolutionConfigurationPlatforms) = preSolution
		Debug|Any CPU = Debug|Any CPU
		Release|Any CPU = Release|Any CPU
	EndGlobalSection
	GlobalSection(ProjectConfigurationPlatforms) = postSolution
		{20AAA0B2-1394-46E0-B817-3CE2AC010D2F}.Debug|Any CPU.ActiveCfg = Debug|Any CPU
		{20AAA0B2-1394-46E0-B817-3CE2AC010D2F}.Debug|Any CPU.Build.0 = Debug|Any CPU
		{20AAA0B2-1394-46E0-B817-3CE2AC010D2F}.Release|Any CPU.ActiveCfg = Release|Any CPU
		{20AAA0B2-1394-46E0-B817-3CE2AC010D2F}.Release|Any CPU.Build.0 = Release|Any CPU
	EndGlobalSection
	GlobalSection(SolutionProperties) = preSolution
		HideSolutionNode = FALSE
	EndGlobalSection
	GlobalSection(ExtensibilityGlobals) = postSolution
		SolutionGuid = {B1CDC27B-2855-4527-A9C3-54B9F3A19254}
	EndGlobalSection
EndGlobal
